
Microsoft Visual Studio Solution File, Format Version 12.00
# Visual Studio Version 17
VisualStudioVersion = 17.9.34407.89
MinimumVisualStudioVersion = 10.0.40219.1
Project("{9A19103F-16F7-4668-BE54-9A1E7A4F7556}") = "MechSharp", "MechSharp\MechSharp.csproj", "{E4F1A668-CB0B-4969-B8F9-FE33CD68A3C6}"
EndProject
Project("{2150E333-8FDC-42A3-9474-1A3956D46DE8}") = "Solution", "Solution", "{12FE858D-F2A9-4933-822A-0642159899F6}"
	ProjectSection(SolutionItems) = preProject
		LICENSE.txt = LICENSE.txt
		README.md = README.md
	EndProjectSection
EndProject
Global
	GlobalSection(SolutionConfigurationPlatforms) = preSolution
		Debug|Any CPU = Debug|Any CPU
		Release|Any CPU = Release|Any CPU
	EndGlobalSection
	GlobalSection(ProjectConfigurationPlatforms) = postSolution
		{E4F1A668-CB0B-4969-B8F9-FE33CD68A3C6}.Debug|Any CPU.ActiveCfg = Debug|Any CPU
		{E4F1A668-CB0B-4969-B8F9-FE33CD68A3C6}.Debug|Any CPU.Build.0 = Debug|Any CPU
		{E4F1A668-CB0B-4969-B8F9-FE33CD68A3C6}.Release|Any CPU.ActiveCfg = Release|Any CPU
		{E4F1A668-CB0B-4969-B8F9-FE33CD68A3C6}.Release|Any CPU.Build.0 = Release|Any CPU
	EndGlobalSection
	GlobalSection(SolutionProperties) = preSolution
		HideSolutionNode = FALSE
	EndGlobalSection
	GlobalSection(ExtensibilityGlobals) = postSolution
		SolutionGuid = {645C782A-0832-413A-9BDC-65F8DBD6B9B2}
	EndGlobalSection
EndGlobal
